# Generated by pub
# See https://dart.dev/tools/pub/glossary#lockfile
packages:
  characters:
    dependency: transitive
    description:
      name: characters
      sha256: f71061c654a3380576a52b451dd5532377954cf9dbd272a78fc8479606670803
      url: "https://pub.dev"
    source: hosted
    version: "1.4.0"
  collection:
    dependency: transitive
    description:
      name: collection
      sha256: "2f5709ae4d3d59dd8f7cd309b4e023046b57d8a6c82130785d2b0e5868084e76"
      url: "https://pub.dev"
    source: hosted
    version: "1.19.1"
  flutter:
    dependency: "direct main"
    description: flutter
    source: sdk
    version: "0.0.0"
  material_color_utilities:
    dependency: transitive
    description:
      name: material_color_utilities
      sha256: f7142bb1154231d7ea5f96bc7bde4bda2a0945d2806bb11670e30b850d56bdec
      url: "https://pub.dev"
    source: hosted
    version: "0.11.1"
  meta:
    dependency: transitive
    description:
      name: meta
      sha256: e3641ec5d63ebf0d9b41bd43201a66e3fc79a65db5f61fc181f04cd27aab950c
      url: "https://pub.dev"
    source: hosted
    version: "1.16.0"
  opus_flutter_android:
    dependency: "direct main"
    description:
      path: opus_flutter_android
      ref: c3e5118079075c351ec8eb2cf975434e458bad59
      resolved-ref: c3e5118079075c351ec8eb2cf975434e458bad59
      url: "https://github.com/mdmohsin7/opus_flutter.git"
    source: git
    version: "3.0.1"
  opus_flutter_ios:
    dependency: "direct main"
    description:
      name: opus_flutter_ios
      sha256: c999bbe8b8f1a4073fb62de6cc04ecd3ab3acdefa6b8d78b03c0dac9c81ef0fa
      url: "https://pub.dev"
    source: hosted
    version: "3.0.1"
  opus_flutter_platform_interface:
    dependency: "direct main"
    description:
      name: opus_flutter_platform_interface
      sha256: "41180b74f1dacc131270d49815fd4eb46bd7cc5ad57aac84eab748d08de59138"
      url: "https://pub.dev"
    source: hosted
    version: "3.0.0"
  plugin_platform_interface:
    dependency: transitive
    description:
      name: plugin_platform_interface
      sha256: c2c49e16d42fd6983eb55e44b7f197fdf16b4da7aab7f8e1d21da307cad3fb02
      url: "https://pub.dev"
    source: hosted
    version: "2.0.0"
  sky_engine:
    dependency: transitive
    description: flutter
    source: sdk
    version: "0.0.0"
  vector_math:
    dependency: transitive
    description:
      name: vector_math
      sha256: d530bd74fea330e6e364cda7a85019c434070188383e1cd8d9777ee586914c5b
      url: "https://pub.dev"
    source: hosted
    version: "2.2.0"
sdks:
  dart: ">=3.8.0-0 <4.0.0"
  flutter: ">=3.3.0"
